
Microsoft Visual Studio Solution File, Format Version 12.00
# Visual Studio Version 17
VisualStudioVersion = 17.1.32210.238
MinimumVisualStudioVersion = 10.0.40219.1
Project("{FAE04EC0-301F-11D3-BF4B-00C04F79EFBC}") = "SwappingValues", "SwappingValues\SwappingValues.csproj", "{3AD20BD6-AE38-48A5-9F8E-ACEAA6AE542C}"
EndProject
Global
	GlobalSection(SolutionConfigurationPlatforms) = preSolution
		Debug|Any CPU = Debug|Any CPU
		Release|Any CPU = Release|Any CPU
	EndGlobalSection
	GlobalSection(ProjectConfigurationPlatforms) = postSolution
		{3AD20BD6-AE38-48A5-9F8E-ACEAA6AE542C}.Debug|Any CPU.ActiveCfg = Debug|Any CPU
		{3AD20BD6-AE38-48A5-9F8E-ACEAA6AE542C}.Debug|Any CPU.Build.0 = Debug|Any CPU
		{3AD20BD6-AE38-48A5-9F8E-ACEAA6AE542C}.Release|Any CPU.ActiveCfg = Release|Any CPU
		{3AD20BD6-AE38-48A5-9F8E-ACEAA6AE542C}.Release|Any CPU.Build.0 = Release|Any CPU
	EndGlobalSection
	GlobalSection(SolutionProperties) = preSolution
		HideSolutionNode = FALSE
	EndGlobalSection
	GlobalSection(ExtensibilityGlobals) = postSolution
		SolutionGuid = {F504AD95-4D5A-40D5-914A-5DAEA07D9404}
	EndGlobalSection
EndGlobal
